
Microsoft Visual Studio Solution File, Format Version 12.00
# Visual Studio 2012
Project("{FAE04EC0-301F-11D3-BF4B-00C04F79EFBC}") = "UC1701FontConverter", "UC1701FontConverter\UC1701FontConverter.csproj", "{86FD1761-BDE3-4878-85DE-D2E0FD9192A6}"
EndProject
Global
	GlobalSection(SolutionConfigurationPlatforms) = preSolution
		Debug|Any CPU = Debug|Any CPU
		Release|Any CPU = Release|Any CPU
	EndGlobalSection
	GlobalSection(ProjectConfigurationPlatforms) = postSolution
		{86FD1761-BDE3-4878-85DE-D2E0FD9192A6}.Debug|Any CPU.ActiveCfg = Debug|Any CPU
		{86FD1761-BDE3-4878-85DE-D2E0FD9192A6}.Debug|Any CPU.Build.0 = Debug|Any CPU
		{86FD1761-BDE3-4878-85DE-D2E0FD9192A6}.Release|Any CPU.ActiveCfg = Release|Any CPU
		{86FD1761-BDE3-4878-85DE-D2E0FD9192A6}.Release|Any CPU.Build.0 = Release|Any CPU
	EndGlobalSection
	GlobalSection(SolutionProperties) = preSolution
		HideSolutionNode = FALSE
	EndGlobalSection
EndGlobal
